<Solution>
  <Folder Name="/Solution Items/">
    <File Path=".editorconfig" />
    <File Path=".gitignore" />
    <File Path="Accessibility.md" />
    <File Path="LICENSE" />
    <File Path="README.md" />
    <File Path="Remove Modules from FreeAcademicCalendarPetitions.exe" />
    <File Path="Rename FreeAcademicCalendarPetitions.exe" />
    <File Path="Upgrade FreeAcademicCalendarPetitions.exe" />
  </Folder>
  <Project Path="AcademicCalendarPetitions.Client/AcademicCalendarPetitions.Client.csproj" />
  <Project Path="AcademicCalendarPetitions.DataAccess/AcademicCalendarPetitions.DataAccess.csproj" Id="63E45590-8B5D-40FE-AB9E-2C7A58D0D45F" />
  <Project Path="AcademicCalendarPetitions.DataObjects/AcademicCalendarPetitions.DataObjects.csproj" Id="D85DD92A-65E8-4BBA-B512-2E29F74674DC" />
  <Project Path="AcademicCalendarPetitions.EFModels/AcademicCalendarPetitions.EFModels.csproj" Id="E4A1ABF4-A53A-49A7-BE09-2D089280879D" />
  <Project Path="AcademicCalendarPetitions.Plugins/AcademicCalendarPetitions.Plugins.csproj" Id="AB38E237-35CD-4940-BC76-9AFFB519E982" />
  <Project Path="AcademicCalendarPetitions/AcademicCalendarPetitions.csproj" />
</Solution>
