<Solution>
  <Folder Name="/Solution Items/">
    <File Path=".editorconfig" />
    <File Path=".gitignore" />
    <File Path="LICENSE" />
    <File Path="README.md" />
    <File Path="Remove Modules from FreeAcademicCalendarPetitions.exe" />
    <File Path="Rename FreeAcademicCalendarPetitions.exe" />
  </Folder>
  <Project Path="AcademicCalendarPetitions.Client/AcademicCalendarPetitions.Client.csproj" />
  <Project Path="AcademicCalendarPetitions.DataAccess/AcademicCalendarPetitions.DataAccess.csproj" Id="94C2A855-BD12-47F2-BC1F-8789B054AA3B" />
  <Project Path="AcademicCalendarPetitions.DataObjects/AcademicCalendarPetitions.DataObjects.csproj" Id="A4CBB6FD-0732-4B3C-A257-234C1DFB4D05" />
  <Project Path="AcademicCalendarPetitions.EFModels/AcademicCalendarPetitions.EFModels.csproj" Id="8C9BE2BB-E583-4DBF-9AA6-40B7F557C431" />
  <Project Path="AcademicCalendarPetitions.Plugins/AcademicCalendarPetitions.Plugins.csproj" Id="9DDE7A45-B08E-455D-A699-A4C1A0A343ED" />
  <Project Path="AcademicCalendarPetitions/AcademicCalendarPetitions.csproj" />
</Solution>
