<Solution>
  <Folder Name="/Solution Items/">
    <File Path=".editorconfig" />
    <File Path=".gitignore" />
    <File Path="Accessibility.md" />
    <File Path="LICENSE" />
    <File Path="README.md" />
    <File Path="Remove Modules from FreeAcademicCalendarPetitions.exe" />
    <File Path="Rename FreeAcademicCalendarPetitions.exe" />
    <File Path="Upgrade FreeAcademicCalendarPetitions.exe" />
  </Folder>
  <Project Path="AcademicCalendarPetitions.Client/AcademicCalendarPetitions.Client.csproj" />
  <Project Path="AcademicCalendarPetitions.DataAccess/AcademicCalendarPetitions.DataAccess.csproj" Id="9C1269FD-B4E2-40D8-B29D-E61A10A5229F" />
  <Project Path="AcademicCalendarPetitions.DataObjects/AcademicCalendarPetitions.DataObjects.csproj" Id="114FFB42-80FD-4F8F-9AEE-D2A384FB3B32" />
  <Project Path="AcademicCalendarPetitions.EFModels/AcademicCalendarPetitions.EFModels.csproj" Id="FF2C83BB-92F0-4F4A-A374-1B1ABA1C3E53" />
  <Project Path="AcademicCalendarPetitions.Plugins/AcademicCalendarPetitions.Plugins.csproj" Id="11BD6F9D-CDB5-4299-92C5-8A5EA6A34EA4" />
  <Project Path="AcademicCalendarPetitions/AcademicCalendarPetitions.csproj" />
</Solution>
