<Solution>
  <Folder Name="/Solution Items/">
    <File Path=".editorconfig" />
    <File Path=".gitignore" />
    <File Path="LICENSE" />
    <File Path="README.md" />
    <File Path="Remove Modules from FreeFlexCRM.exe" />
    <File Path="Rename FreeFlexCRM.exe" />
  </Folder>
  <Project Path="FlexCRM.Client/FlexCRM.Client.csproj" />
  <Project Path="FlexCRM.DataAccess/FlexCRM.DataAccess.csproj" Id="531107CE-C5E5-4C3A-B151-1BF3AE060EB8" />
  <Project Path="FlexCRM.DataObjects/FlexCRM.DataObjects.csproj" Id="6AC82B24-61D6-4724-834E-348540B476F2" />
  <Project Path="FlexCRM.EFModels/FlexCRM.EFModels.csproj" Id="B74B53B5-D864-4970-A830-8C1B3FA0D526" />
  <Project Path="FlexCRM.Plugins/FlexCRM.Plugins.csproj" Id="E2D258BC-98C0-492F-8A14-B017CEBE0AAE" />
  <Project Path="FlexCRM/FlexCRM.csproj" />
</Solution>
