<Solution>
  <Folder Name="/Solution Items/">
    <File Path=".editorconfig" />
    <File Path=".gitignore" />
    <File Path="LICENSE" />
    <File Path="README.md" />
    <File Path="Remove Modules from FreeFlexCRM.exe" />
    <File Path="Rename FreeFlexCRM.exe" />
  </Folder>
  <Project Path="FlexCRM.Client/FlexCRM.Client.csproj" />
  <Project Path="FlexCRM.DataAccess/FlexCRM.DataAccess.csproj" Id="35D0076D-1FCA-4215-8705-4DFC6AB7324B" />
  <Project Path="FlexCRM.DataObjects/FlexCRM.DataObjects.csproj" Id="CDD9612C-6BE4-4347-B0D4-174CB067B8E2" />
  <Project Path="FlexCRM.EFModels/FlexCRM.EFModels.csproj" Id="A74F8B04-4E25-48B4-B5D7-02DAE36D45C1" />
  <Project Path="FlexCRM.Plugins/FlexCRM.Plugins.csproj" Id="D4000BB3-B41A-4D30-8976-5346BEE30701" />
  <Project Path="FlexCRM/FlexCRM.csproj" />
</Solution>
