
Microsoft Visual Studio Solution File, Format Version 12.00
# Visual Studio Version 17
VisualStudioVersion = 17.8.34309.116
MinimumVisualStudioVersion = 10.0.40219.1
Project("{C1041C05-3CFE-4454-951C-B22C9727074D}") = "FreeCICD", "FreeCICD\FreeCICD.csproj", "{57F90EF0-8FF0-45FD-AF76-549878BE2B6B}"
EndProject
Project("{C1041C05-3CFE-4454-951C-B22C9727074D}") = "FreeCICD.Client", "FreeCICD.Client\FreeCICD.Client.csproj", "{6C0C421D-50E9-47D4-9782-9A2287F9B711}"
EndProject
Project("{C1041C05-3CFE-4454-951C-B22C9727074D}") = "FreeCICD.DataAccess", "FreeCICD.DataAccess\FreeCICD.DataAccess.csproj", "{545057E7-E8EC-4904-AE32-A5E202A57A8D}"
EndProject
Project("{C1041C05-3CFE-4454-951C-B22C9727074D}") = "FreeCICD.DataObjects", "FreeCICD.DataObjects\FreeCICD.DataObjects.csproj", "{13AF1542-00F2-486D-A843-E39CA6D73BF4}"
EndProject
Project("{C1041C05-3CFE-4454-951C-B22C9727074D}") = "FreeCICD.EFModels", "FreeCICD.EFModels\FreeCICD.EFModels.csproj", "{8C01EFF3-921E-434F-BBF1-58F4217B39CB}"
EndProject
Project("{2150E333-8FDC-42A3-9474-1A3956D46DE8}") = "Solution Items", "Solution Items", "{53ABD6DE-D8CD-478C-A2C5-3E3AB936A40E}"
	ProjectSection(SolutionItems) = preProject
		.editorconfig = .editorconfig
		.gitignore = .gitignore
		LICENSE = LICENSE
		README.md = README.md
		Remove Modules from FreeFreeCICD.exe = Remove Modules from FreeFreeCICD.exe
		Rename FreeFreeCICD.exe = Rename FreeFreeCICD.exe
	EndProjectSection
EndProject
Project("{C1041C05-3CFE-4454-951C-B22C9727074D}") = "FreeCICD.Plugins", "FreeCICD.Plugins\FreeCICD.Plugins.csproj", "{D5862DD0-9380-4FF8-82EC-9F08B3C9D9CB}"
EndProject
Global
	GlobalSection(SolutionConfigurationPlatforms) = preSolution
		Debug|Any CPU = Debug|Any CPU
		Release|Any CPU = Release|Any CPU
	EndGlobalSection
	GlobalSection(ProjectConfigurationPlatforms) = postSolution
		{57F90EF0-8FF0-45FD-AF76-549878BE2B6B}.Debug|Any CPU.ActiveCfg = Debug|Any CPU
		{57F90EF0-8FF0-45FD-AF76-549878BE2B6B}.Debug|Any CPU.Build.0 = Debug|Any CPU
		{57F90EF0-8FF0-45FD-AF76-549878BE2B6B}.Release|Any CPU.ActiveCfg = Release|Any CPU
		{57F90EF0-8FF0-45FD-AF76-549878BE2B6B}.Release|Any CPU.Build.0 = Release|Any CPU
		{6C0C421D-50E9-47D4-9782-9A2287F9B711}.Debug|Any CPU.ActiveCfg = Debug|Any CPU
		{6C0C421D-50E9-47D4-9782-9A2287F9B711}.Debug|Any CPU.Build.0 = Debug|Any CPU
		{6C0C421D-50E9-47D4-9782-9A2287F9B711}.Release|Any CPU.ActiveCfg = Release|Any CPU
		{6C0C421D-50E9-47D4-9782-9A2287F9B711}.Release|Any CPU.Build.0 = Release|Any CPU
		{545057E7-E8EC-4904-AE32-A5E202A57A8D}.Debug|Any CPU.ActiveCfg = Debug|Any CPU
		{545057E7-E8EC-4904-AE32-A5E202A57A8D}.Debug|Any CPU.Build.0 = Debug|Any CPU
		{545057E7-E8EC-4904-AE32-A5E202A57A8D}.Release|Any CPU.ActiveCfg = Release|Any CPU
		{545057E7-E8EC-4904-AE32-A5E202A57A8D}.Release|Any CPU.Build.0 = Release|Any CPU
		{13AF1542-00F2-486D-A843-E39CA6D73BF4}.Debug|Any CPU.ActiveCfg = Debug|Any CPU
		{13AF1542-00F2-486D-A843-E39CA6D73BF4}.Debug|Any CPU.Build.0 = Debug|Any CPU
		{13AF1542-00F2-486D-A843-E39CA6D73BF4}.Release|Any CPU.ActiveCfg = Release|Any CPU
		{13AF1542-00F2-486D-A843-E39CA6D73BF4}.Release|Any CPU.Build.0 = Release|Any CPU
		{8C01EFF3-921E-434F-BBF1-58F4217B39CB}.Debug|Any CPU.ActiveCfg = Debug|Any CPU
		{8C01EFF3-921E-434F-BBF1-58F4217B39CB}.Debug|Any CPU.Build.0 = Debug|Any CPU
		{8C01EFF3-921E-434F-BBF1-58F4217B39CB}.Release|Any CPU.ActiveCfg = Release|Any CPU
		{8C01EFF3-921E-434F-BBF1-58F4217B39CB}.Release|Any CPU.Build.0 = Release|Any CPU
		{D5862DD0-9380-4FF8-82EC-9F08B3C9D9CB}.Debug|Any CPU.ActiveCfg = Debug|Any CPU
		{D5862DD0-9380-4FF8-82EC-9F08B3C9D9CB}.Debug|Any CPU.Build.0 = Debug|Any CPU
		{D5862DD0-9380-4FF8-82EC-9F08B3C9D9CB}.Release|Any CPU.ActiveCfg = Release|Any CPU
		{D5862DD0-9380-4FF8-82EC-9F08B3C9D9CB}.Release|Any CPU.Build.0 = Release|Any CPU
	EndGlobalSection
	GlobalSection(SolutionProperties) = preSolution
		HideSolutionNode = FALSE
	EndGlobalSection
	GlobalSection(ExtensibilityGlobals) = postSolution
		SolutionGuid = {C4A59AD0-92A7-475D-A3BC-51E982A9C0FA}
	EndGlobalSection
EndGlobal
