
Microsoft Visual Studio Solution File, Format Version 12.00
# Visual Studio Version 17
VisualStudioVersion = 17.8.34309.116
MinimumVisualStudioVersion = 10.0.40219.1
Project("{584C095F-176A-4F9E-A686-5E1D985322CA}") = "FreeCICD", "FreeCICD\FreeCICD.csproj", "{42CDE843-3C89-4E6E-B47F-0EB92FFBC750}"
EndProject
Project("{584C095F-176A-4F9E-A686-5E1D985322CA}") = "FreeCICD.Client", "FreeCICD.Client\FreeCICD.Client.csproj", "{49A832D7-55D5-425F-AB7B-AF6C14BC3E93}"
EndProject
Project("{584C095F-176A-4F9E-A686-5E1D985322CA}") = "FreeCICD.DataAccess", "FreeCICD.DataAccess\FreeCICD.DataAccess.csproj", "{3D300C6D-84C5-4B29-BC84-C39B428F4224}"
EndProject
Project("{584C095F-176A-4F9E-A686-5E1D985322CA}") = "FreeCICD.DataObjects", "FreeCICD.DataObjects\FreeCICD.DataObjects.csproj", "{3ABE9A05-279E-472F-BE8D-9B4C35B09422}"
EndProject
Project("{584C095F-176A-4F9E-A686-5E1D985322CA}") = "FreeCICD.EFModels", "FreeCICD.EFModels\FreeCICD.EFModels.csproj", "{8B3E4517-326D-4410-BA83-55739346E0F0}"
EndProject
Project("{2150E333-8FDC-42A3-9474-1A3956D46DE8}") = "Solution Items", "Solution Items", "{204FFD3F-156D-4325-A17C-AF89E96BA602}"
	ProjectSection(SolutionItems) = preProject
		.editorconfig = .editorconfig
		.gitignore = .gitignore
		LICENSE = LICENSE
		README.md = README.md
		Remove Modules from FreeFreeCICD.exe = Remove Modules from FreeFreeCICD.exe
		Rename FreeFreeCICD.exe = Rename FreeFreeCICD.exe
	EndProjectSection
EndProject
Project("{584C095F-176A-4F9E-A686-5E1D985322CA}") = "FreeCICD.Plugins", "FreeCICD.Plugins\FreeCICD.Plugins.csproj", "{00252057-D759-41BC-A692-AACBDBA60DEE}"
EndProject
Global
	GlobalSection(SolutionConfigurationPlatforms) = preSolution
		Debug|Any CPU = Debug|Any CPU
		Release|Any CPU = Release|Any CPU
	EndGlobalSection
	GlobalSection(ProjectConfigurationPlatforms) = postSolution
		{42CDE843-3C89-4E6E-B47F-0EB92FFBC750}.Debug|Any CPU.ActiveCfg = Debug|Any CPU
		{42CDE843-3C89-4E6E-B47F-0EB92FFBC750}.Debug|Any CPU.Build.0 = Debug|Any CPU
		{42CDE843-3C89-4E6E-B47F-0EB92FFBC750}.Release|Any CPU.ActiveCfg = Release|Any CPU
		{42CDE843-3C89-4E6E-B47F-0EB92FFBC750}.Release|Any CPU.Build.0 = Release|Any CPU
		{49A832D7-55D5-425F-AB7B-AF6C14BC3E93}.Debug|Any CPU.ActiveCfg = Debug|Any CPU
		{49A832D7-55D5-425F-AB7B-AF6C14BC3E93}.Debug|Any CPU.Build.0 = Debug|Any CPU
		{49A832D7-55D5-425F-AB7B-AF6C14BC3E93}.Release|Any CPU.ActiveCfg = Release|Any CPU
		{49A832D7-55D5-425F-AB7B-AF6C14BC3E93}.Release|Any CPU.Build.0 = Release|Any CPU
		{3D300C6D-84C5-4B29-BC84-C39B428F4224}.Debug|Any CPU.ActiveCfg = Debug|Any CPU
		{3D300C6D-84C5-4B29-BC84-C39B428F4224}.Debug|Any CPU.Build.0 = Debug|Any CPU
		{3D300C6D-84C5-4B29-BC84-C39B428F4224}.Release|Any CPU.ActiveCfg = Release|Any CPU
		{3D300C6D-84C5-4B29-BC84-C39B428F4224}.Release|Any CPU.Build.0 = Release|Any CPU
		{3ABE9A05-279E-472F-BE8D-9B4C35B09422}.Debug|Any CPU.ActiveCfg = Debug|Any CPU
		{3ABE9A05-279E-472F-BE8D-9B4C35B09422}.Debug|Any CPU.Build.0 = Debug|Any CPU
		{3ABE9A05-279E-472F-BE8D-9B4C35B09422}.Release|Any CPU.ActiveCfg = Release|Any CPU
		{3ABE9A05-279E-472F-BE8D-9B4C35B09422}.Release|Any CPU.Build.0 = Release|Any CPU
		{8B3E4517-326D-4410-BA83-55739346E0F0}.Debug|Any CPU.ActiveCfg = Debug|Any CPU
		{8B3E4517-326D-4410-BA83-55739346E0F0}.Debug|Any CPU.Build.0 = Debug|Any CPU
		{8B3E4517-326D-4410-BA83-55739346E0F0}.Release|Any CPU.ActiveCfg = Release|Any CPU
		{8B3E4517-326D-4410-BA83-55739346E0F0}.Release|Any CPU.Build.0 = Release|Any CPU
		{00252057-D759-41BC-A692-AACBDBA60DEE}.Debug|Any CPU.ActiveCfg = Debug|Any CPU
		{00252057-D759-41BC-A692-AACBDBA60DEE}.Debug|Any CPU.Build.0 = Debug|Any CPU
		{00252057-D759-41BC-A692-AACBDBA60DEE}.Release|Any CPU.ActiveCfg = Release|Any CPU
		{00252057-D759-41BC-A692-AACBDBA60DEE}.Release|Any CPU.Build.0 = Release|Any CPU
	EndGlobalSection
	GlobalSection(SolutionProperties) = preSolution
		HideSolutionNode = FALSE
	EndGlobalSection
	GlobalSection(ExtensibilityGlobals) = postSolution
		SolutionGuid = {C4A59AD0-92A7-475D-A3BC-51E982A9C0FA}
	EndGlobalSection
EndGlobal
