<Solution>
  <Folder Name="/Solution Items/">
    <File Path=".editorconfig" />
    <File Path=".gitignore" />
    <File Path="LICENSE" />
    <File Path="README.md" />
    <File Path="Remove Modules from FreeFreePlugins.exe" />
    <File Path="Rename FreeFreePlugins.exe" />
  </Folder>
  <Project Path="FreePlugins.Client/FreePlugins.Client.csproj" />
  <Project Path="FreePlugins.DataAccess/FreePlugins.DataAccess.csproj" Id="4B53FAC1-3B26-42F2-9F26-D964F6F1B9B0" />
  <Project Path="FreePlugins.DataObjects/FreePlugins.DataObjects.csproj" Id="DEB1F32F-83A8-4835-8EA3-B02B9086D4F2" />
  <Project Path="FreePlugins.EFModels/FreePlugins.EFModels.csproj" Id="7C5B0611-923C-4D19-9168-8D4272B58800" />
  <Project Path="FreePlugins.Plugins/FreePlugins.Plugins.csproj" Id="62C74785-FC9F-4E34-96A9-17FB0F9489A1" />
  <Project Path="FreePlugins/FreePlugins.csproj" />
</Solution>
