<Solution>
  <Folder Name="/Solution Items/">
    <File Path=".editorconfig" />
    <File Path=".gitignore" />
    <File Path="Accessibility.md" />
    <File Path="LICENSE" />
    <File Path="README.md" />
    <File Path="Remove Modules from FreeFreeExamples.exe" />
    <File Path="Rename FreeFreeExamples.exe" />
    <File Path="Upgrade FreeFreeExamples.exe" />
  </Folder>
  <Project Path="FreeExamples.Client/FreeExamples.Client.csproj" />
  <Project Path="FreeExamples.DataAccess/FreeExamples.DataAccess.csproj" Id="9C5F0D59-2844-419E-98B5-CEFCE8C95500" />
  <Project Path="FreeExamples.DataObjects/FreeExamples.DataObjects.csproj" Id="91736DEC-F45D-425E-AB67-8A41E666302F" />
  <Project Path="FreeExamples.EFModels/FreeExamples.EFModels.csproj" Id="873F42E5-0328-4FAF-A53C-1BAFD0C60C13" />
  <Project Path="FreeExamples.Plugins/FreeExamples.Plugins.csproj" Id="0FAA5A15-9CEB-4459-B006-89544520E98F" />
  <Project Path="FreeExamples/FreeExamples.csproj" />
</Solution>
