<Solution>
  <Folder Name="/Solution Items/">
    <File Path=".editorconfig" />
    <File Path=".gitignore" />
    <File Path="LICENSE" />
    <File Path="README.md" />
    <File Path="Remove Modules from FreeFreeExamples.exe" />
    <File Path="Rename FreeFreeExamples.exe" />
  </Folder>
  <Project Path="FreeExamples.Client/FreeExamples.Client.csproj" />
  <Project Path="FreeExamples.DataAccess/FreeExamples.DataAccess.csproj" Id="B894E972-87A3-4A40-9839-26CF1F59B571" />
  <Project Path="FreeExamples.DataObjects/FreeExamples.DataObjects.csproj" Id="448AC37D-69DC-4722-B3C4-BB79C4F19218" />
  <Project Path="FreeExamples.EFModels/FreeExamples.EFModels.csproj" Id="8EDDD78A-7C38-407B-BE6D-710A1E52193E" />
  <Project Path="FreeExamples.Plugins/FreeExamples.Plugins.csproj" Id="CC25C18B-7D5E-4690-9070-4CECE1DDB030" />
  <Project Path="FreeExamples/FreeExamples.csproj" />
</Solution>
