<Solution>
  <Folder Name="/Solution Items/">
    <File Path=".editorconfig" />
    <File Path=".gitignore" />
    <File Path="Accessibility.md" />
    <File Path="LICENSE" />
    <File Path="README.md" />
    <File Path="Remove Modules from FreeFreePlugins.exe" />
    <File Path="Rename FreeFreePlugins.exe" />
  </Folder>
  <Project Path="FreePlugins.Client/FreePlugins.Client.csproj" />
  <Project Path="FreePlugins.DataAccess/FreePlugins.DataAccess.csproj" Id="5F11BA40-0BFE-4E21-92DA-0EB622DB5C11" />
  <Project Path="FreePlugins.DataObjects/FreePlugins.DataObjects.csproj" Id="26EFF5ED-2A16-4F56-8B36-735C4C278AE0" />
  <Project Path="FreePlugins.EFModels/FreePlugins.EFModels.csproj" Id="E94686C9-1F5B-42AC-84D2-E6166BF08812" />
  <Project Path="FreePlugins.Plugins/FreePlugins.Plugins.csproj" Id="4E760110-A4FA-4B23-8A89-EA80CB1FD08F" />
  <Project Path="FreePlugins/FreePlugins.csproj" />
</Solution>
