<Solution>
  <Folder Name="/Solution Items/">
    <File Path=".editorconfig" />
    <File Path=".gitignore" />
    <File Path="Accessibility.md" />
    <File Path="LICENSE" />
    <File Path="README.md" />
    <File Path="Remove Modules from FreeFreeSmartsheets.exe" />
    <File Path="Rename FreeFreeSmartsheets.exe" />
    <File Path="Upgrade FreeFreeSmartsheets.exe" />
  </Folder>
  <Project Path="FreeSmartsheets.Client/FreeSmartsheets.Client.csproj" />
  <Project Path="FreeSmartsheets.DataAccess/FreeSmartsheets.DataAccess.csproj" Id="83ADE3DF-5995-4FAC-8AE0-28B421ED848E" />
  <Project Path="FreeSmartsheets.DataObjects/FreeSmartsheets.DataObjects.csproj" Id="1B7DCBE9-4FF9-4C75-87CA-4848086534E9" />
  <Project Path="FreeSmartsheets.EFModels/FreeSmartsheets.EFModels.csproj" Id="5F7480CC-BF7A-46C8-A5DF-E9DBF84C317D" />
  <Project Path="FreeSmartsheets.Plugins/FreeSmartsheets.Plugins.csproj" Id="071CF89D-AC16-40D9-A4B6-4480BD32B871" />
  <Project Path="FreeSmartsheets/FreeSmartsheets.csproj" />
</Solution>
