
Microsoft Visual Studio Solution File, Format Version 12.00
# Visual Studio Version 17
VisualStudioVersion = 17.8.34309.116
MinimumVisualStudioVersion = 10.0.40219.1
Project("{2F24EEFC-096B-49AF-ACA7-5456E488AE1B}") = "FreeCICD", "FreeCICD\FreeCICD.csproj", "{5228282E-3F7E-4F62-B70D-20485CFD5911}"
EndProject
Project("{2F24EEFC-096B-49AF-ACA7-5456E488AE1B}") = "FreeCICD.Client", "FreeCICD.Client\FreeCICD.Client.csproj", "{024A9830-60D4-4680-A7C0-ABE03907B8C5}"
EndProject
Project("{2F24EEFC-096B-49AF-ACA7-5456E488AE1B}") = "FreeCICD.DataAccess", "FreeCICD.DataAccess\FreeCICD.DataAccess.csproj", "{E6BBB93F-E3A6-490C-B546-0A72CD892057}"
EndProject
Project("{2F24EEFC-096B-49AF-ACA7-5456E488AE1B}") = "FreeCICD.DataObjects", "FreeCICD.DataObjects\FreeCICD.DataObjects.csproj", "{D47A4C9D-E35D-4B8C-A9D0-06C137875988}"
EndProject
Project("{2F24EEFC-096B-49AF-ACA7-5456E488AE1B}") = "FreeCICD.EFModels", "FreeCICD.EFModels\FreeCICD.EFModels.csproj", "{86510FA9-75DD-455F-A4B0-E50B3D3E1490}"
EndProject
Project("{2150E333-8FDC-42A3-9474-1A3956D46DE8}") = "Solution Items", "Solution Items", "{2AABFF35-A6B1-4250-9484-C0AD0EE27DEB}"
	ProjectSection(SolutionItems) = preProject
		.editorconfig = .editorconfig
		.gitignore = .gitignore
		LICENSE = LICENSE
		README.md = README.md
		Remove Modules from FreeFreeCICD.exe = Remove Modules from FreeFreeCICD.exe
		Rename FreeFreeCICD.exe = Rename FreeFreeCICD.exe
	EndProjectSection
EndProject
Project("{2F24EEFC-096B-49AF-ACA7-5456E488AE1B}") = "FreeCICD.Plugins", "FreeCICD.Plugins\FreeCICD.Plugins.csproj", "{6C7DF31E-E759-402D-B8FD-15A9C991DAD3}"
EndProject
Global
	GlobalSection(SolutionConfigurationPlatforms) = preSolution
		Debug|Any CPU = Debug|Any CPU
		Release|Any CPU = Release|Any CPU
	EndGlobalSection
	GlobalSection(ProjectConfigurationPlatforms) = postSolution
		{5228282E-3F7E-4F62-B70D-20485CFD5911}.Debug|Any CPU.ActiveCfg = Debug|Any CPU
		{5228282E-3F7E-4F62-B70D-20485CFD5911}.Debug|Any CPU.Build.0 = Debug|Any CPU
		{5228282E-3F7E-4F62-B70D-20485CFD5911}.Release|Any CPU.ActiveCfg = Release|Any CPU
		{5228282E-3F7E-4F62-B70D-20485CFD5911}.Release|Any CPU.Build.0 = Release|Any CPU
		{024A9830-60D4-4680-A7C0-ABE03907B8C5}.Debug|Any CPU.ActiveCfg = Debug|Any CPU
		{024A9830-60D4-4680-A7C0-ABE03907B8C5}.Debug|Any CPU.Build.0 = Debug|Any CPU
		{024A9830-60D4-4680-A7C0-ABE03907B8C5}.Release|Any CPU.ActiveCfg = Release|Any CPU
		{024A9830-60D4-4680-A7C0-ABE03907B8C5}.Release|Any CPU.Build.0 = Release|Any CPU
		{E6BBB93F-E3A6-490C-B546-0A72CD892057}.Debug|Any CPU.ActiveCfg = Debug|Any CPU
		{E6BBB93F-E3A6-490C-B546-0A72CD892057}.Debug|Any CPU.Build.0 = Debug|Any CPU
		{E6BBB93F-E3A6-490C-B546-0A72CD892057}.Release|Any CPU.ActiveCfg = Release|Any CPU
		{E6BBB93F-E3A6-490C-B546-0A72CD892057}.Release|Any CPU.Build.0 = Release|Any CPU
		{D47A4C9D-E35D-4B8C-A9D0-06C137875988}.Debug|Any CPU.ActiveCfg = Debug|Any CPU
		{D47A4C9D-E35D-4B8C-A9D0-06C137875988}.Debug|Any CPU.Build.0 = Debug|Any CPU
		{D47A4C9D-E35D-4B8C-A9D0-06C137875988}.Release|Any CPU.ActiveCfg = Release|Any CPU
		{D47A4C9D-E35D-4B8C-A9D0-06C137875988}.Release|Any CPU.Build.0 = Release|Any CPU
		{86510FA9-75DD-455F-A4B0-E50B3D3E1490}.Debug|Any CPU.ActiveCfg = Debug|Any CPU
		{86510FA9-75DD-455F-A4B0-E50B3D3E1490}.Debug|Any CPU.Build.0 = Debug|Any CPU
		{86510FA9-75DD-455F-A4B0-E50B3D3E1490}.Release|Any CPU.ActiveCfg = Release|Any CPU
		{86510FA9-75DD-455F-A4B0-E50B3D3E1490}.Release|Any CPU.Build.0 = Release|Any CPU
		{6C7DF31E-E759-402D-B8FD-15A9C991DAD3}.Debug|Any CPU.ActiveCfg = Debug|Any CPU
		{6C7DF31E-E759-402D-B8FD-15A9C991DAD3}.Debug|Any CPU.Build.0 = Debug|Any CPU
		{6C7DF31E-E759-402D-B8FD-15A9C991DAD3}.Release|Any CPU.ActiveCfg = Release|Any CPU
		{6C7DF31E-E759-402D-B8FD-15A9C991DAD3}.Release|Any CPU.Build.0 = Release|Any CPU
	EndGlobalSection
	GlobalSection(SolutionProperties) = preSolution
		HideSolutionNode = FALSE
	EndGlobalSection
	GlobalSection(ExtensibilityGlobals) = postSolution
		SolutionGuid = {C4A59AD0-92A7-475D-A3BC-51E982A9C0FA}
	EndGlobalSection
EndGlobal
