<Solution>
  <Folder Name="/Solution Items/">
    <File Path=".editorconfig" />
    <File Path=".gitignore" />
    <File Path="LICENSE" />
    <File Path="README.md" />
    <File Path="Remove Modules from FreeFreeCICD.exe" />
    <File Path="Rename FreeFreeCICD.exe" />
  </Folder>
  <Project Path="FreeCICD.Client/FreeCICD.Client.csproj" />
  <Project Path="FreeCICD.DataAccess/FreeCICD.DataAccess.csproj" Id="0D622A94-6224-46EE-A538-9AC7EA756A07" />
  <Project Path="FreeCICD.DataObjects/FreeCICD.DataObjects.csproj" Id="9C9972CF-21F3-41EA-A8D6-ED94406B8D89" />
  <Project Path="FreeCICD.EFModels/FreeCICD.EFModels.csproj" Id="D42F0FEB-A700-4CFB-860E-EDC9733096EB" />
  <Project Path="FreeCICD.Plugins/FreeCICD.Plugins.csproj" Id="49D02EED-39C5-45A6-B28E-C3DF1B3D8166" />
  <Project Path="FreeCICD/FreeCICD.csproj" />
</Solution>
