<Solution>
  <Folder Name="/Solution Items/">
    <File Path=".editorconfig" />
    <File Path=".gitignore" />
    <File Path="Accessibility.md" />
    <File Path="LICENSE" />
    <File Path="README.md" />
    <File Path="Remove Modules from FreeFreeTwilio.exe" />
    <File Path="Rename FreeFreeTwilio.exe" />
  </Folder>
  <Project Path="FreeTwilio.Client/FreeTwilio.Client.csproj" />
  <Project Path="FreeTwilio.DataAccess/FreeTwilio.DataAccess.csproj" Id="598845D9-AC8A-44F7-A732-9C9CB131456E" />
  <Project Path="FreeTwilio.DataObjects/FreeTwilio.DataObjects.csproj" Id="E92E658C-7D31-416B-9037-62F74C821062" />
  <Project Path="FreeTwilio.EFModels/FreeTwilio.EFModels.csproj" Id="02F49362-428D-4BCE-94CF-C332FBB91BA1" />
  <Project Path="FreeTwilio.Plugins/FreeTwilio.Plugins.csproj" Id="65B5A244-7775-4EFE-952D-173A5FDF9736" />
  <Project Path="FreeTwilio/FreeTwilio.csproj" />
</Solution>
