<Solution>
  <Folder Name="/Solution Items/">
    <File Path=".editorconfig" />
    <File Path=".gitignore" />
    <File Path="Accessibility.md" />
    <File Path="LICENSE" />
    <File Path="README.md" />
    <File Path="Remove Modules from FreeFreeManager.exe" />
    <File Path="Rename FreeFreeManager.exe" />
    <File Path="Upgrade FreeFreeManager.exe" />
  </Folder>
  <Project Path="FreeManager.Client/FreeManager.Client.csproj" />
  <Project Path="FreeManager.DataAccess/FreeManager.DataAccess.csproj" Id="B0C17E62-ADFC-4831-A490-974FBEC67FE9" />
  <Project Path="FreeManager.DataObjects/FreeManager.DataObjects.csproj" Id="3C3976FC-19E5-452B-9E19-A904A1778A20" />
  <Project Path="FreeManager.EFModels/FreeManager.EFModels.csproj" Id="23BA9665-8D50-4D90-AAFB-7B33FE2365CF" />
  <Project Path="FreeManager.Plugins/FreeManager.Plugins.csproj" Id="94A7D746-2DB5-4E09-A6D7-5F7D957E0164" />
  <Project Path="FreeManager/FreeManager.csproj" />
</Solution>
