<Solution>
  <Folder Name="/Solution Items/">
    <File Path=".editorconfig" />
    <File Path=".gitignore" />
    <File Path="Accessibility.md" />
    <File Path="LICENSE" />
    <File Path="README.md" />
    <File Path="Remove Modules from FreeFreeTools.exe" />
    <File Path="Rename FreeFreeTools.exe" />
    <File Path="Upgrade FreeFreeTools.exe" />
  </Folder>
  <Project Path="FreeTools.Client/FreeTools.Client.csproj" />
  <Project Path="FreeTools.DataAccess/FreeTools.DataAccess.csproj" Id="6A1E8521-AC20-4AFB-B0BF-1755F4E5408F" />
  <Project Path="FreeTools.DataObjects/FreeTools.DataObjects.csproj" Id="35B0572A-A00E-4506-AB6B-E3EB58D544D7" />
  <Project Path="FreeTools.EFModels/FreeTools.EFModels.csproj" Id="DE9B5F64-27AB-4AF7-8914-DA49CD42C66F" />
  <Project Path="FreeTools.Plugins/FreeTools.Plugins.csproj" Id="F5D75E52-017B-46C3-A79C-2204B3DDB2EF" />
  <Project Path="FreeTools/FreeTools.csproj" />
</Solution>
