<Solution>
  <Folder Name="/Solution Items/">
    <File Path=".editorconfig" />
    <File Path=".gitignore" />
    <File Path="LICENSE" />
    <File Path="README.md" />
    <File Path="Remove Modules from FreeFreeSmartsheets.exe" />
    <File Path="Rename FreeFreeSmartsheets.exe" />
  </Folder>
  <Project Path="FreeSmartsheets.Client/FreeSmartsheets.Client.csproj" />
  <Project Path="FreeSmartsheets.DataAccess/FreeSmartsheets.DataAccess.csproj" Id="8CD2FF3C-C78E-4AD6-B6FC-2CBA7F5E9703" />
  <Project Path="FreeSmartsheets.DataObjects/FreeSmartsheets.DataObjects.csproj" Id="6C3E50B8-74B8-4375-9FD5-A00A4C084AD4" />
  <Project Path="FreeSmartsheets.EFModels/FreeSmartsheets.EFModels.csproj" Id="0CF35763-EF57-44C0-B9A9-D245A98212CD" />
  <Project Path="FreeSmartsheets.Plugins/FreeSmartsheets.Plugins.csproj" Id="932161B2-6AA2-43BD-B35D-5D27499F97F6" />
  <Project Path="FreeSmartsheets/FreeSmartsheets.csproj" />
</Solution>
