<Solution>
  <Folder Name="/Solution Items/">
    <File Path=".editorconfig" />
    <File Path=".gitignore" />
    <File Path="LICENSE" />
    <File Path="README.md" />
    <File Path="Remove Modules from FreeFreeLLM.exe" />
    <File Path="Rename FreeFreeLLM.exe" />
  </Folder>
  <Project Path="FreeLLM.DataAccess/FreeLLM.DataAccess.csproj" Id="69F3026A-4B2A-4BFE-A847-338C6DB85943" />
  <Project Path="FreeLLM.DataObjects/FreeLLM.DataObjects.csproj" Id="ECC34D25-44B2-4F1B-954D-A0C072F61356" />
  <Project Path="FreeLLM.EFModels/FreeLLM.EFModels.csproj" Id="259F822D-FFA6-458B-BDB2-5A63926F1C6A" />
  <Project Path="FreeLLM.Plugins/FreeLLM.Plugins.csproj" Id="C5C70D67-4A0E-4BB9-9723-376C928EB51C" />
  <Project Path="FreeLLM.Client/FreeLLM.Client.csproj" />
  <Project Path="FreeLLM/FreeLLM.csproj" />
</Solution>
