<Solution>
  <Folder Name="/Solution Items/">
    <File Path=".editorconfig" />
    <File Path=".gitignore" />
    <File Path="LICENSE" />
    <File Path="README.md" />
    <File Path="Remove Modules from FreeFreeAI.exe" />
    <File Path="Rename FreeFreeAI.exe" />
  </Folder>
  <Project Path="FreeAI.DataAccess/FreeAI.DataAccess.csproj" Id="31036ECD-56AB-4F0B-B10D-D5AFAD14E18D" />
  <Project Path="FreeAI.DataObjects/FreeAI.DataObjects.csproj" Id="22191C91-EAC6-4844-8A4A-2E0FD277416C" />
  <Project Path="FreeAI.EFModels/FreeAI.EFModels.csproj" Id="38BD2EA3-A6B1-4E9C-B71D-AA4F1C5AFB6B" />
  <Project Path="FreeAI.Plugins/FreeAI.Plugins.csproj" Id="A52FE789-31F9-47E8-BFD5-059082B5AB21" />
  <Project Path="FreeAI.Client/FreeAI.Client.csproj" />
  <Project Path="FreeAI/FreeAI.csproj" />
</Solution>
