<Solution>
  <Folder Name="/Solution Items/">
    <File Path=".editorconfig" />
    <File Path=".gitignore" />
    <File Path="LICENSE" />
    <File Path="README.md" />
    <File Path="Remove Modules from FreeFreeAI.exe" />
    <File Path="Rename FreeFreeAI.exe" />
  </Folder>
  <Project Path="FreeAI.Client/FreeAI.Client.csproj" />
  <Project Path="FreeAI.DataAccess/FreeAI.DataAccess.csproj" Id="3C3B3899-3A9F-44C5-8227-E2F73B9EE8CD" />
  <Project Path="FreeAI.DataObjects/FreeAI.DataObjects.csproj" Id="057FC23F-496B-46B5-9D07-105FA05F394D" />
  <Project Path="FreeAI.EFModels/FreeAI.EFModels.csproj" Id="AC07E955-5CB4-48DC-8ADC-FEC5A966CF51" />
  <Project Path="FreeAI.Plugins/FreeAI.Plugins.csproj" Id="53B7696D-CC2A-45C1-9B47-0057FD133D45" />
  <Project Path="FreeAI/FreeAI.csproj" />
</Solution>
