<Solution>
  <Folder Name="/Solution Items/">
    <File Path=".editorconfig" />
    <File Path=".gitignore" />
    <File Path="Accessibility.md" />
    <File Path="LICENSE" />
    <File Path="README.md" />
    <File Path="Remove Modules from FreeFreeSmartsheets.exe" />
    <File Path="Rename FreeFreeSmartsheets.exe" />
  </Folder>
  <Project Path="FreeSmartsheets.Client/FreeSmartsheets.Client.csproj" />
  <Project Path="FreeSmartsheets.DataAccess/FreeSmartsheets.DataAccess.csproj" Id="F71BB983-B360-4FAA-90B7-9F218768128F" />
  <Project Path="FreeSmartsheets.DataObjects/FreeSmartsheets.DataObjects.csproj" Id="87D76CE8-CE66-438B-8CB2-90AA030215A3" />
  <Project Path="FreeSmartsheets.EFModels/FreeSmartsheets.EFModels.csproj" Id="D4D55070-2387-43E7-B161-1367B603C434" />
  <Project Path="FreeSmartsheets.Plugins/FreeSmartsheets.Plugins.csproj" Id="15E21ABC-A59D-4F04-AA23-1A0085307048" />
  <Project Path="FreeSmartsheets/FreeSmartsheets.csproj" />
</Solution>
