<Solution>
  <Folder Name="/Solution Items/">
    <File Path=".editorconfig" />
    <File Path=".gitignore" />
    <File Path="Accessibility.md" />
    <File Path="LICENSE" />
    <File Path="README.md" />
    <File Path="Remove Modules from FreeFreeTwilio.exe" />
    <File Path="Rename FreeFreeTwilio.exe" />
    <File Path="Upgrade FreeFreeTwilio.exe" />
  </Folder>
  <Project Path="FreeTwilio.Client/FreeTwilio.Client.csproj" />
  <Project Path="FreeTwilio.DataAccess/FreeTwilio.DataAccess.csproj" Id="2A393F6B-A6FD-4350-860B-819821DC8A3B" />
  <Project Path="FreeTwilio.DataObjects/FreeTwilio.DataObjects.csproj" Id="755DC504-4447-4FE3-8B2D-560267268F34" />
  <Project Path="FreeTwilio.EFModels/FreeTwilio.EFModels.csproj" Id="2CB837C6-034F-4E62-83FF-09994432C2F6" />
  <Project Path="FreeTwilio.Plugins/FreeTwilio.Plugins.csproj" Id="CEC91867-B566-45EF-9AF7-8E6ADE0363FF" />
  <Project Path="FreeTwilio/FreeTwilio.csproj" />
</Solution>
