<Solution>
  <Folder Name="/Solution Items/">
    <File Path=".editorconfig" />
    <File Path=".gitignore" />
    <File Path="Accessibility.md" />
    <File Path="LICENSE" />
    <File Path="README.md" />
    <File Path="Remove Modules from FreeFreeTwilio.exe" />
    <File Path="Rename FreeFreeTwilio.exe" />
    <File Path="Upgrade FreeFreeTwilio.exe" />
  </Folder>
  <Project Path="FreeTwilio.Client/FreeTwilio.Client.csproj" />
  <Project Path="FreeTwilio.DataAccess/FreeTwilio.DataAccess.csproj" Id="EB206C9C-F14F-4145-8BC6-A0545EC78AAF" />
  <Project Path="FreeTwilio.DataObjects/FreeTwilio.DataObjects.csproj" Id="B77D900A-B02B-4FB7-9188-ED3186208D87" />
  <Project Path="FreeTwilio.EFModels/FreeTwilio.EFModels.csproj" Id="580EF1A2-9015-4339-968E-25ECFA50CCFE" />
  <Project Path="FreeTwilio.Plugins/FreeTwilio.Plugins.csproj" Id="2105F312-5181-4354-8D32-C0C69C9ECFCE" />
  <Project Path="FreeTwilio/FreeTwilio.csproj" />
</Solution>
