
Microsoft Visual Studio Solution File, Format Version 12.00
# Visual Studio Version 17
VisualStudioVersion = 17.8.34309.116
MinimumVisualStudioVersion = 10.0.40219.1
Project("{5D30A29F-C571-4F2A-B7D2-53B8E2A9830B}") = "PJProcessor", "PJProcessor\PJProcessor.csproj", "{F7CA407C-D0FD-4E94-A49E-029F124AECAE}"
EndProject
Project("{5D30A29F-C571-4F2A-B7D2-53B8E2A9830B}") = "PJProcessor.Client", "PJProcessor.Client\PJProcessor.Client.csproj", "{85BCE47D-4F85-489E-BDA1-878CAC7B645E}"
EndProject
Project("{5D30A29F-C571-4F2A-B7D2-53B8E2A9830B}") = "PJProcessor.DataAccess", "PJProcessor.DataAccess\PJProcessor.DataAccess.csproj", "{EFEF08FE-DBDC-45D0-A976-8F078793139E}"
EndProject
Project("{5D30A29F-C571-4F2A-B7D2-53B8E2A9830B}") = "PJProcessor.DataObjects", "PJProcessor.DataObjects\PJProcessor.DataObjects.csproj", "{F055319E-E828-4232-A8DD-EB48528E657D}"
EndProject
Project("{5D30A29F-C571-4F2A-B7D2-53B8E2A9830B}") = "PJProcessor.EFModels", "PJProcessor.EFModels\PJProcessor.EFModels.csproj", "{88482151-8F6E-4602-B85E-E180DB9415C5}"
EndProject
Project("{2150E333-8FDC-42A3-9474-1A3956D46DE8}") = "Solution Items", "Solution Items", "{9CEBB1B2-2BA3-44ED-9D59-0AF268350704}"
	ProjectSection(SolutionItems) = preProject
		.editorconfig = .editorconfig
		.gitignore = .gitignore
		LICENSE = LICENSE
		README.md = README.md
		Remove Modules from FreePJProcessor.exe = Remove Modules from FreePJProcessor.exe
		Rename FreePJProcessor.exe = Rename FreePJProcessor.exe
	EndProjectSection
EndProject
Project("{5D30A29F-C571-4F2A-B7D2-53B8E2A9830B}") = "PJProcessor.Plugins", "PJProcessor.Plugins\PJProcessor.Plugins.csproj", "{B25DA9BA-822F-459F-85E3-8302B6D2E8EC}"
EndProject
Global
	GlobalSection(SolutionConfigurationPlatforms) = preSolution
		Debug|Any CPU = Debug|Any CPU
		Release|Any CPU = Release|Any CPU
	EndGlobalSection
	GlobalSection(ProjectConfigurationPlatforms) = postSolution
		{F7CA407C-D0FD-4E94-A49E-029F124AECAE}.Debug|Any CPU.ActiveCfg = Debug|Any CPU
		{F7CA407C-D0FD-4E94-A49E-029F124AECAE}.Debug|Any CPU.Build.0 = Debug|Any CPU
		{F7CA407C-D0FD-4E94-A49E-029F124AECAE}.Release|Any CPU.ActiveCfg = Release|Any CPU
		{F7CA407C-D0FD-4E94-A49E-029F124AECAE}.Release|Any CPU.Build.0 = Release|Any CPU
		{85BCE47D-4F85-489E-BDA1-878CAC7B645E}.Debug|Any CPU.ActiveCfg = Debug|Any CPU
		{85BCE47D-4F85-489E-BDA1-878CAC7B645E}.Debug|Any CPU.Build.0 = Debug|Any CPU
		{85BCE47D-4F85-489E-BDA1-878CAC7B645E}.Release|Any CPU.ActiveCfg = Release|Any CPU
		{85BCE47D-4F85-489E-BDA1-878CAC7B645E}.Release|Any CPU.Build.0 = Release|Any CPU
		{EFEF08FE-DBDC-45D0-A976-8F078793139E}.Debug|Any CPU.ActiveCfg = Debug|Any CPU
		{EFEF08FE-DBDC-45D0-A976-8F078793139E}.Debug|Any CPU.Build.0 = Debug|Any CPU
		{EFEF08FE-DBDC-45D0-A976-8F078793139E}.Release|Any CPU.ActiveCfg = Release|Any CPU
		{EFEF08FE-DBDC-45D0-A976-8F078793139E}.Release|Any CPU.Build.0 = Release|Any CPU
		{F055319E-E828-4232-A8DD-EB48528E657D}.Debug|Any CPU.ActiveCfg = Debug|Any CPU
		{F055319E-E828-4232-A8DD-EB48528E657D}.Debug|Any CPU.Build.0 = Debug|Any CPU
		{F055319E-E828-4232-A8DD-EB48528E657D}.Release|Any CPU.ActiveCfg = Release|Any CPU
		{F055319E-E828-4232-A8DD-EB48528E657D}.Release|Any CPU.Build.0 = Release|Any CPU
		{88482151-8F6E-4602-B85E-E180DB9415C5}.Debug|Any CPU.ActiveCfg = Debug|Any CPU
		{88482151-8F6E-4602-B85E-E180DB9415C5}.Debug|Any CPU.Build.0 = Debug|Any CPU
		{88482151-8F6E-4602-B85E-E180DB9415C5}.Release|Any CPU.ActiveCfg = Release|Any CPU
		{88482151-8F6E-4602-B85E-E180DB9415C5}.Release|Any CPU.Build.0 = Release|Any CPU
		{B25DA9BA-822F-459F-85E3-8302B6D2E8EC}.Debug|Any CPU.ActiveCfg = Debug|Any CPU
		{B25DA9BA-822F-459F-85E3-8302B6D2E8EC}.Debug|Any CPU.Build.0 = Debug|Any CPU
		{B25DA9BA-822F-459F-85E3-8302B6D2E8EC}.Release|Any CPU.ActiveCfg = Release|Any CPU
		{B25DA9BA-822F-459F-85E3-8302B6D2E8EC}.Release|Any CPU.Build.0 = Release|Any CPU
	EndGlobalSection
	GlobalSection(SolutionProperties) = preSolution
		HideSolutionNode = FALSE
	EndGlobalSection
	GlobalSection(ExtensibilityGlobals) = postSolution
		SolutionGuid = {C4A59AD0-92A7-475D-A3BC-51E982A9C0FA}
	EndGlobalSection
EndGlobal
