<Solution>
  <Folder Name="/Solution Items/">
    <File Path=".editorconfig" />
    <File Path=".gitignore" />
    <File Path="LICENSE" />
    <File Path="README.md" />
    <File Path="Remove Modules from FreePJProcessor.exe" />
    <File Path="Rename FreePJProcessor.exe" />
  </Folder>
  <Project Path="PJProcessor.Client/PJProcessor.Client.csproj" />
  <Project Path="PJProcessor.DataAccess/PJProcessor.DataAccess.csproj" Id="DB651EF0-57DF-416E-8346-349E1AC79121" />
  <Project Path="PJProcessor.DataObjects/PJProcessor.DataObjects.csproj" Id="BB750D13-EBC3-4BA8-B935-C09F783DA1FE" />
  <Project Path="PJProcessor.EFModels/PJProcessor.EFModels.csproj" Id="4590CB67-B7ED-48F4-BF51-B296CE47C2C8" />
  <Project Path="PJProcessor.Plugins/PJProcessor.Plugins.csproj" Id="C4B780BF-261A-4143-B7DC-BA8939D87298" />
  <Project Path="PJProcessor/PJProcessor.csproj" />
</Solution>
