<Solution>
  <Folder Name="/Solution Items/">
    <File Path=".editorconfig" />
    <File Path=".gitignore" />
    <File Path="LICENSE" />
    <File Path="README.md" />
    <File Path="Remove Modules from FreePJProcessor.exe" />
    <File Path="Rename FreePJProcessor.exe" />
  </Folder>
  <Project Path="PJProcessor.DataAccess/PJProcessor.DataAccess.csproj" Id="0F53A37B-9222-4846-9765-F8533780E529" />
  <Project Path="PJProcessor.DataObjects/PJProcessor.DataObjects.csproj" Id="F2029346-0A34-49D1-8A59-3DFF9437CBD1" />
  <Project Path="PJProcessor.EFModels/PJProcessor.EFModels.csproj" Id="D73AE093-99C1-41E0-BBDB-63E40B16D931" />
  <Project Path="PJProcessor.Plugins/PJProcessor.Plugins.csproj" Id="077EFBBF-0325-4CF5-8C3C-D53D6214DD4C" />
  <Project Path="PJProcessor.Client/PJProcessor.Client.csproj" />
  <Project Path="PJProcessor/PJProcessor.csproj" />
</Solution>
