
Microsoft Visual Studio Solution File, Format Version 12.00
# Visual Studio Version 17
VisualStudioVersion = 17.8.34309.116
MinimumVisualStudioVersion = 10.0.40219.1
Project("{F22D642B-43CE-4A3C-BA05-C0213BEB4099}") = "PJProcessor", "PJProcessor\PJProcessor.csproj", "{FE9BC83D-AE43-472E-A370-36F295687B14}"
EndProject
Project("{F22D642B-43CE-4A3C-BA05-C0213BEB4099}") = "PJProcessor.Client", "PJProcessor.Client\PJProcessor.Client.csproj", "{8D16F383-0B1D-4CB0-A54F-3FCB50414728}"
EndProject
Project("{F22D642B-43CE-4A3C-BA05-C0213BEB4099}") = "PJProcessor.DataAccess", "PJProcessor.DataAccess\PJProcessor.DataAccess.csproj", "{F278CBF1-0C1A-4C5C-9D4C-F2EF37CC5169}"
EndProject
Project("{F22D642B-43CE-4A3C-BA05-C0213BEB4099}") = "PJProcessor.DataObjects", "PJProcessor.DataObjects\PJProcessor.DataObjects.csproj", "{49F5BC4D-1B23-4988-BCE2-1FEAECD6DDAD}"
EndProject
Project("{F22D642B-43CE-4A3C-BA05-C0213BEB4099}") = "PJProcessor.EFModels", "PJProcessor.EFModels\PJProcessor.EFModels.csproj", "{38039E85-D4AD-44F3-AEF7-BCAD2AE5F48C}"
EndProject
Project("{2150E333-8FDC-42A3-9474-1A3956D46DE8}") = "Solution Items", "Solution Items", "{30C4E639-4C08-4BA9-887A-A9EAD00FFEB2}"
	ProjectSection(SolutionItems) = preProject
		.editorconfig = .editorconfig
		.gitignore = .gitignore
		LICENSE = LICENSE
		README.md = README.md
		Remove Modules from FreePJProcessor.exe = Remove Modules from FreePJProcessor.exe
		Rename FreePJProcessor.exe = Rename FreePJProcessor.exe
	EndProjectSection
EndProject
Project("{F22D642B-43CE-4A3C-BA05-C0213BEB4099}") = "PJProcessor.Plugins", "PJProcessor.Plugins\PJProcessor.Plugins.csproj", "{0DF18CE1-FD22-46EC-A63E-A6D1D09BADE0}"
EndProject
Global
	GlobalSection(SolutionConfigurationPlatforms) = preSolution
		Debug|Any CPU = Debug|Any CPU
		Release|Any CPU = Release|Any CPU
	EndGlobalSection
	GlobalSection(ProjectConfigurationPlatforms) = postSolution
		{FE9BC83D-AE43-472E-A370-36F295687B14}.Debug|Any CPU.ActiveCfg = Debug|Any CPU
		{FE9BC83D-AE43-472E-A370-36F295687B14}.Debug|Any CPU.Build.0 = Debug|Any CPU
		{FE9BC83D-AE43-472E-A370-36F295687B14}.Release|Any CPU.ActiveCfg = Release|Any CPU
		{FE9BC83D-AE43-472E-A370-36F295687B14}.Release|Any CPU.Build.0 = Release|Any CPU
		{8D16F383-0B1D-4CB0-A54F-3FCB50414728}.Debug|Any CPU.ActiveCfg = Debug|Any CPU
		{8D16F383-0B1D-4CB0-A54F-3FCB50414728}.Debug|Any CPU.Build.0 = Debug|Any CPU
		{8D16F383-0B1D-4CB0-A54F-3FCB50414728}.Release|Any CPU.ActiveCfg = Release|Any CPU
		{8D16F383-0B1D-4CB0-A54F-3FCB50414728}.Release|Any CPU.Build.0 = Release|Any CPU
		{F278CBF1-0C1A-4C5C-9D4C-F2EF37CC5169}.Debug|Any CPU.ActiveCfg = Debug|Any CPU
		{F278CBF1-0C1A-4C5C-9D4C-F2EF37CC5169}.Debug|Any CPU.Build.0 = Debug|Any CPU
		{F278CBF1-0C1A-4C5C-9D4C-F2EF37CC5169}.Release|Any CPU.ActiveCfg = Release|Any CPU
		{F278CBF1-0C1A-4C5C-9D4C-F2EF37CC5169}.Release|Any CPU.Build.0 = Release|Any CPU
		{49F5BC4D-1B23-4988-BCE2-1FEAECD6DDAD}.Debug|Any CPU.ActiveCfg = Debug|Any CPU
		{49F5BC4D-1B23-4988-BCE2-1FEAECD6DDAD}.Debug|Any CPU.Build.0 = Debug|Any CPU
		{49F5BC4D-1B23-4988-BCE2-1FEAECD6DDAD}.Release|Any CPU.ActiveCfg = Release|Any CPU
		{49F5BC4D-1B23-4988-BCE2-1FEAECD6DDAD}.Release|Any CPU.Build.0 = Release|Any CPU
		{38039E85-D4AD-44F3-AEF7-BCAD2AE5F48C}.Debug|Any CPU.ActiveCfg = Debug|Any CPU
		{38039E85-D4AD-44F3-AEF7-BCAD2AE5F48C}.Debug|Any CPU.Build.0 = Debug|Any CPU
		{38039E85-D4AD-44F3-AEF7-BCAD2AE5F48C}.Release|Any CPU.ActiveCfg = Release|Any CPU
		{38039E85-D4AD-44F3-AEF7-BCAD2AE5F48C}.Release|Any CPU.Build.0 = Release|Any CPU
		{0DF18CE1-FD22-46EC-A63E-A6D1D09BADE0}.Debug|Any CPU.ActiveCfg = Debug|Any CPU
		{0DF18CE1-FD22-46EC-A63E-A6D1D09BADE0}.Debug|Any CPU.Build.0 = Debug|Any CPU
		{0DF18CE1-FD22-46EC-A63E-A6D1D09BADE0}.Release|Any CPU.ActiveCfg = Release|Any CPU
		{0DF18CE1-FD22-46EC-A63E-A6D1D09BADE0}.Release|Any CPU.Build.0 = Release|Any CPU
	EndGlobalSection
	GlobalSection(SolutionProperties) = preSolution
		HideSolutionNode = FALSE
	EndGlobalSection
	GlobalSection(ExtensibilityGlobals) = postSolution
		SolutionGuid = {C4A59AD0-92A7-475D-A3BC-51E982A9C0FA}
	EndGlobalSection
EndGlobal
