
Microsoft Visual Studio Solution File, Format Version 12.00
# Visual Studio Version 17
VisualStudioVersion = 17.8.34309.116
MinimumVisualStudioVersion = 10.0.40219.1
Project("{02D07F6F-7255-4339-BED6-995006127503}") = "PJProcessor", "PJProcessor\PJProcessor.csproj", "{6A2D6ADC-6A87-4A70-AD83-D8B29A5E12BE}"
EndProject
Project("{02D07F6F-7255-4339-BED6-995006127503}") = "PJProcessor.Client", "PJProcessor.Client\PJProcessor.Client.csproj", "{67E61E3D-011A-450E-92C1-9F632193CD07}"
EndProject
Project("{02D07F6F-7255-4339-BED6-995006127503}") = "PJProcessor.DataAccess", "PJProcessor.DataAccess\PJProcessor.DataAccess.csproj", "{A12701B3-5897-4A2D-AFAF-8B0E43B89D9B}"
EndProject
Project("{02D07F6F-7255-4339-BED6-995006127503}") = "PJProcessor.DataObjects", "PJProcessor.DataObjects\PJProcessor.DataObjects.csproj", "{D6ACB8BC-6A4F-485F-B3E9-DE7D81A6DBBF}"
EndProject
Project("{02D07F6F-7255-4339-BED6-995006127503}") = "PJProcessor.EFModels", "PJProcessor.EFModels\PJProcessor.EFModels.csproj", "{571B295B-FF3F-4FBE-86EF-389AA2623E12}"
EndProject
Project("{2150E333-8FDC-42A3-9474-1A3956D46DE8}") = "Solution Items", "Solution Items", "{5CC773E2-6E9C-4F77-98A6-44B37E6D3635}"
	ProjectSection(SolutionItems) = preProject
		.editorconfig = .editorconfig
		.gitignore = .gitignore
		LICENSE = LICENSE
		README.md = README.md
		Remove Modules from FreePJProcessor.exe = Remove Modules from FreePJProcessor.exe
		Rename FreePJProcessor.exe = Rename FreePJProcessor.exe
	EndProjectSection
EndProject
Project("{02D07F6F-7255-4339-BED6-995006127503}") = "PJProcessor.Plugins", "PJProcessor.Plugins\PJProcessor.Plugins.csproj", "{838FE50F-BCF7-4559-A533-63E804801E1D}"
EndProject
Global
	GlobalSection(SolutionConfigurationPlatforms) = preSolution
		Debug|Any CPU = Debug|Any CPU
		Release|Any CPU = Release|Any CPU
	EndGlobalSection
	GlobalSection(ProjectConfigurationPlatforms) = postSolution
		{6A2D6ADC-6A87-4A70-AD83-D8B29A5E12BE}.Debug|Any CPU.ActiveCfg = Debug|Any CPU
		{6A2D6ADC-6A87-4A70-AD83-D8B29A5E12BE}.Debug|Any CPU.Build.0 = Debug|Any CPU
		{6A2D6ADC-6A87-4A70-AD83-D8B29A5E12BE}.Release|Any CPU.ActiveCfg = Release|Any CPU
		{6A2D6ADC-6A87-4A70-AD83-D8B29A5E12BE}.Release|Any CPU.Build.0 = Release|Any CPU
		{67E61E3D-011A-450E-92C1-9F632193CD07}.Debug|Any CPU.ActiveCfg = Debug|Any CPU
		{67E61E3D-011A-450E-92C1-9F632193CD07}.Debug|Any CPU.Build.0 = Debug|Any CPU
		{67E61E3D-011A-450E-92C1-9F632193CD07}.Release|Any CPU.ActiveCfg = Release|Any CPU
		{67E61E3D-011A-450E-92C1-9F632193CD07}.Release|Any CPU.Build.0 = Release|Any CPU
		{A12701B3-5897-4A2D-AFAF-8B0E43B89D9B}.Debug|Any CPU.ActiveCfg = Debug|Any CPU
		{A12701B3-5897-4A2D-AFAF-8B0E43B89D9B}.Debug|Any CPU.Build.0 = Debug|Any CPU
		{A12701B3-5897-4A2D-AFAF-8B0E43B89D9B}.Release|Any CPU.ActiveCfg = Release|Any CPU
		{A12701B3-5897-4A2D-AFAF-8B0E43B89D9B}.Release|Any CPU.Build.0 = Release|Any CPU
		{D6ACB8BC-6A4F-485F-B3E9-DE7D81A6DBBF}.Debug|Any CPU.ActiveCfg = Debug|Any CPU
		{D6ACB8BC-6A4F-485F-B3E9-DE7D81A6DBBF}.Debug|Any CPU.Build.0 = Debug|Any CPU
		{D6ACB8BC-6A4F-485F-B3E9-DE7D81A6DBBF}.Release|Any CPU.ActiveCfg = Release|Any CPU
		{D6ACB8BC-6A4F-485F-B3E9-DE7D81A6DBBF}.Release|Any CPU.Build.0 = Release|Any CPU
		{571B295B-FF3F-4FBE-86EF-389AA2623E12}.Debug|Any CPU.ActiveCfg = Debug|Any CPU
		{571B295B-FF3F-4FBE-86EF-389AA2623E12}.Debug|Any CPU.Build.0 = Debug|Any CPU
		{571B295B-FF3F-4FBE-86EF-389AA2623E12}.Release|Any CPU.ActiveCfg = Release|Any CPU
		{571B295B-FF3F-4FBE-86EF-389AA2623E12}.Release|Any CPU.Build.0 = Release|Any CPU
		{838FE50F-BCF7-4559-A533-63E804801E1D}.Debug|Any CPU.ActiveCfg = Debug|Any CPU
		{838FE50F-BCF7-4559-A533-63E804801E1D}.Debug|Any CPU.Build.0 = Debug|Any CPU
		{838FE50F-BCF7-4559-A533-63E804801E1D}.Release|Any CPU.ActiveCfg = Release|Any CPU
		{838FE50F-BCF7-4559-A533-63E804801E1D}.Release|Any CPU.Build.0 = Release|Any CPU
	EndGlobalSection
	GlobalSection(SolutionProperties) = preSolution
		HideSolutionNode = FALSE
	EndGlobalSection
	GlobalSection(ExtensibilityGlobals) = postSolution
		SolutionGuid = {C4A59AD0-92A7-475D-A3BC-51E982A9C0FA}
	EndGlobalSection
EndGlobal
