<Solution>
  <Folder Name="/Solution Items/">
    <File Path=".editorconfig" />
    <File Path=".gitignore" />
    <File Path="Accessibility.md" />
    <File Path="LICENSE" />
    <File Path="README.md" />
    <File Path="Remove Modules from FreeRONet.exe" />
    <File Path="Rename FreeRONet.exe" />
    <File Path="Upgrade FreeRONet.exe" />
  </Folder>
  <Project Path="RONet.Client/RONet.Client.csproj" />
  <Project Path="RONet.DataAccess/RONet.DataAccess.csproj" Id="7DC5F0CB-8759-4580-B7CA-AE45B9463B61" />
  <Project Path="RONet.DataObjects/RONet.DataObjects.csproj" Id="5375189F-D87A-4487-ABA5-7DB395CF5C3F" />
  <Project Path="RONet.EFModels/RONet.EFModels.csproj" Id="3FDB7595-6133-4C6E-A8F2-BA7BF8350769" />
  <Project Path="RONet.Plugins/RONet.Plugins.csproj" Id="11172EB3-F999-4EDC-87EE-28125705CDB2" />
  <Project Path="RONet/RONet.csproj" />
</Solution>
