<Solution>
  <Folder Name="/Solution Items/">
    <File Path=".editorconfig" />
    <File Path=".gitignore" />
    <File Path="Accessibility.md" />
    <File Path="LICENSE" />
    <File Path="README.md" />
    <File Path="Remove Modules from FreeRONet.exe" />
    <File Path="Rename FreeRONet.exe" />
    <File Path="Upgrade FreeRONet.exe" />
  </Folder>
  <Project Path="RONet.Client/RONet.Client.csproj" />
  <Project Path="RONet.DataAccess/RONet.DataAccess.csproj" Id="5FA81284-DE78-4162-BB19-BB2E58A51A0F" />
  <Project Path="RONet.DataObjects/RONet.DataObjects.csproj" Id="BCA4CD17-2233-4B10-A5E5-9E92F53B3D8F" />
  <Project Path="RONet.EFModels/RONet.EFModels.csproj" Id="D626BCCB-A18E-460E-9A64-A308B59D8FE3" />
  <Project Path="RONet.Plugins/RONet.Plugins.csproj" Id="B0D701CF-61B4-45C0-9C95-B75806169CC6" />
  <Project Path="RONet/RONet.csproj" />
</Solution>
