
Microsoft Visual Studio Solution File, Format Version 12.00
# Visual Studio Version 17
VisualStudioVersion = 17.8.34309.116
MinimumVisualStudioVersion = 10.0.40219.1
Project("{89C30E86-3EE8-4E2A-BA4F-D807EB2BEBE5}") = "Touchpoints", "Touchpoints\Touchpoints.csproj", "{2A8E3FD5-2191-48F2-9F95-BBCBEBBC3F8D}"
EndProject
Project("{89C30E86-3EE8-4E2A-BA4F-D807EB2BEBE5}") = "Touchpoints.Client", "Touchpoints.Client\Touchpoints.Client.csproj", "{519D799B-C777-47EF-A47E-70FC40E7202C}"
EndProject
Project("{89C30E86-3EE8-4E2A-BA4F-D807EB2BEBE5}") = "Touchpoints.DataAccess", "Touchpoints.DataAccess\Touchpoints.DataAccess.csproj", "{8B2CD6E8-4094-4EA1-9669-2FE27734E2BB}"
EndProject
Project("{89C30E86-3EE8-4E2A-BA4F-D807EB2BEBE5}") = "Touchpoints.DataObjects", "Touchpoints.DataObjects\Touchpoints.DataObjects.csproj", "{067E513A-684E-422E-B7F1-83362E8BC00B}"
EndProject
Project("{89C30E86-3EE8-4E2A-BA4F-D807EB2BEBE5}") = "Touchpoints.EFModels", "Touchpoints.EFModels\Touchpoints.EFModels.csproj", "{4640EAAA-E1E1-4B6F-8BBB-B9A2A5A03CFB}"
EndProject
Project("{2150E333-8FDC-42A3-9474-1A3956D46DE8}") = "Solution Items", "Solution Items", "{5D45CEEF-AE22-4022-B6CB-C1BBCA9EB159}"
	ProjectSection(SolutionItems) = preProject
		.editorconfig = .editorconfig
		.gitignore = .gitignore
		LICENSE = LICENSE
		README.md = README.md
		Remove Modules from FreeTouchpoints.exe = Remove Modules from FreeTouchpoints.exe
		Rename FreeTouchpoints.exe = Rename FreeTouchpoints.exe
	EndProjectSection
EndProject
Project("{89C30E86-3EE8-4E2A-BA4F-D807EB2BEBE5}") = "Touchpoints.Plugins", "Touchpoints.Plugins\Touchpoints.Plugins.csproj", "{64868E95-3D12-43B0-A214-DDBAA7C48E58}"
EndProject
Global
	GlobalSection(SolutionConfigurationPlatforms) = preSolution
		Debug|Any CPU = Debug|Any CPU
		Release|Any CPU = Release|Any CPU
	EndGlobalSection
	GlobalSection(ProjectConfigurationPlatforms) = postSolution
		{2A8E3FD5-2191-48F2-9F95-BBCBEBBC3F8D}.Debug|Any CPU.ActiveCfg = Debug|Any CPU
		{2A8E3FD5-2191-48F2-9F95-BBCBEBBC3F8D}.Debug|Any CPU.Build.0 = Debug|Any CPU
		{2A8E3FD5-2191-48F2-9F95-BBCBEBBC3F8D}.Release|Any CPU.ActiveCfg = Release|Any CPU
		{2A8E3FD5-2191-48F2-9F95-BBCBEBBC3F8D}.Release|Any CPU.Build.0 = Release|Any CPU
		{519D799B-C777-47EF-A47E-70FC40E7202C}.Debug|Any CPU.ActiveCfg = Debug|Any CPU
		{519D799B-C777-47EF-A47E-70FC40E7202C}.Debug|Any CPU.Build.0 = Debug|Any CPU
		{519D799B-C777-47EF-A47E-70FC40E7202C}.Release|Any CPU.ActiveCfg = Release|Any CPU
		{519D799B-C777-47EF-A47E-70FC40E7202C}.Release|Any CPU.Build.0 = Release|Any CPU
		{8B2CD6E8-4094-4EA1-9669-2FE27734E2BB}.Debug|Any CPU.ActiveCfg = Debug|Any CPU
		{8B2CD6E8-4094-4EA1-9669-2FE27734E2BB}.Debug|Any CPU.Build.0 = Debug|Any CPU
		{8B2CD6E8-4094-4EA1-9669-2FE27734E2BB}.Release|Any CPU.ActiveCfg = Release|Any CPU
		{8B2CD6E8-4094-4EA1-9669-2FE27734E2BB}.Release|Any CPU.Build.0 = Release|Any CPU
		{067E513A-684E-422E-B7F1-83362E8BC00B}.Debug|Any CPU.ActiveCfg = Debug|Any CPU
		{067E513A-684E-422E-B7F1-83362E8BC00B}.Debug|Any CPU.Build.0 = Debug|Any CPU
		{067E513A-684E-422E-B7F1-83362E8BC00B}.Release|Any CPU.ActiveCfg = Release|Any CPU
		{067E513A-684E-422E-B7F1-83362E8BC00B}.Release|Any CPU.Build.0 = Release|Any CPU
		{4640EAAA-E1E1-4B6F-8BBB-B9A2A5A03CFB}.Debug|Any CPU.ActiveCfg = Debug|Any CPU
		{4640EAAA-E1E1-4B6F-8BBB-B9A2A5A03CFB}.Debug|Any CPU.Build.0 = Debug|Any CPU
		{4640EAAA-E1E1-4B6F-8BBB-B9A2A5A03CFB}.Release|Any CPU.ActiveCfg = Release|Any CPU
		{4640EAAA-E1E1-4B6F-8BBB-B9A2A5A03CFB}.Release|Any CPU.Build.0 = Release|Any CPU
		{64868E95-3D12-43B0-A214-DDBAA7C48E58}.Debug|Any CPU.ActiveCfg = Debug|Any CPU
		{64868E95-3D12-43B0-A214-DDBAA7C48E58}.Debug|Any CPU.Build.0 = Debug|Any CPU
		{64868E95-3D12-43B0-A214-DDBAA7C48E58}.Release|Any CPU.ActiveCfg = Release|Any CPU
		{64868E95-3D12-43B0-A214-DDBAA7C48E58}.Release|Any CPU.Build.0 = Release|Any CPU
	EndGlobalSection
	GlobalSection(SolutionProperties) = preSolution
		HideSolutionNode = FALSE
	EndGlobalSection
	GlobalSection(ExtensibilityGlobals) = postSolution
		SolutionGuid = {C4A59AD0-92A7-475D-A3BC-51E982A9C0FA}
	EndGlobalSection
EndGlobal
