<Solution>
  <Folder Name="/Solution Items/">
    <File Path=".editorconfig" />
    <File Path=".gitignore" />
    <File Path="LICENSE" />
    <File Path="README.md" />
    <File Path="Remove Modules from FreeTouchpoints.exe" />
    <File Path="Rename FreeTouchpoints.exe" />
  </Folder>
  <Project Path="Touchpoints.Client/Touchpoints.Client.csproj" />
  <Project Path="Touchpoints.DataAccess/Touchpoints.DataAccess.csproj" Id="223FD07B-357E-4F9A-AFC9-CE54446F733E" />
  <Project Path="Touchpoints.DataObjects/Touchpoints.DataObjects.csproj" Id="12CDCC1D-79FD-49B5-90C7-940910D3DBC5" />
  <Project Path="Touchpoints.EFModels/Touchpoints.EFModels.csproj" Id="ECF102AC-B57D-497C-8473-18C6A44C9F7B" />
  <Project Path="Touchpoints.Plugins/Touchpoints.Plugins.csproj" Id="EDB957A6-EB7C-4ED2-92F2-1E0DAFE21579" />
  <Project Path="Touchpoints/Touchpoints.csproj" />
</Solution>
