
Microsoft Visual Studio Solution File, Format Version 12.00
# Visual Studio Version 17
VisualStudioVersion = 17.8.34309.116
MinimumVisualStudioVersion = 10.0.40219.1
Project("{E1043557-7DB2-4E71-AAF1-32844EBA299B}") = "Touchpoints", "Touchpoints\Touchpoints.csproj", "{A4E73C9D-BE90-4475-8E3B-2963CF7077F5}"
EndProject
Project("{E1043557-7DB2-4E71-AAF1-32844EBA299B}") = "Touchpoints.Client", "Touchpoints.Client\Touchpoints.Client.csproj", "{5BE51780-C8E2-479C-B9E5-52F9CE3F6547}"
EndProject
Project("{E1043557-7DB2-4E71-AAF1-32844EBA299B}") = "Touchpoints.DataAccess", "Touchpoints.DataAccess\Touchpoints.DataAccess.csproj", "{AFEA65A4-E399-42BA-A806-FDA9C7E04D93}"
EndProject
Project("{E1043557-7DB2-4E71-AAF1-32844EBA299B}") = "Touchpoints.DataObjects", "Touchpoints.DataObjects\Touchpoints.DataObjects.csproj", "{AD1C1C45-2556-4752-AD9E-B8774D7E9475}"
EndProject
Project("{E1043557-7DB2-4E71-AAF1-32844EBA299B}") = "Touchpoints.EFModels", "Touchpoints.EFModels\Touchpoints.EFModels.csproj", "{89C957C0-75D7-4907-97C5-0739B813A475}"
EndProject
Project("{2150E333-8FDC-42A3-9474-1A3956D46DE8}") = "Solution Items", "Solution Items", "{56A5229B-7028-44FC-940A-E5893C6A23A3}"
	ProjectSection(SolutionItems) = preProject
		.editorconfig = .editorconfig
		.gitignore = .gitignore
		LICENSE = LICENSE
		README.md = README.md
		Remove Modules from FreeTouchpoints.exe = Remove Modules from FreeTouchpoints.exe
		Rename FreeTouchpoints.exe = Rename FreeTouchpoints.exe
	EndProjectSection
EndProject
Project("{E1043557-7DB2-4E71-AAF1-32844EBA299B}") = "Touchpoints.Plugins", "Touchpoints.Plugins\Touchpoints.Plugins.csproj", "{795F4C0D-A749-4D81-83B2-73D6DB0D8A41}"
EndProject
Global
	GlobalSection(SolutionConfigurationPlatforms) = preSolution
		Debug|Any CPU = Debug|Any CPU
		Release|Any CPU = Release|Any CPU
	EndGlobalSection
	GlobalSection(ProjectConfigurationPlatforms) = postSolution
		{A4E73C9D-BE90-4475-8E3B-2963CF7077F5}.Debug|Any CPU.ActiveCfg = Debug|Any CPU
		{A4E73C9D-BE90-4475-8E3B-2963CF7077F5}.Debug|Any CPU.Build.0 = Debug|Any CPU
		{A4E73C9D-BE90-4475-8E3B-2963CF7077F5}.Release|Any CPU.ActiveCfg = Release|Any CPU
		{A4E73C9D-BE90-4475-8E3B-2963CF7077F5}.Release|Any CPU.Build.0 = Release|Any CPU
		{5BE51780-C8E2-479C-B9E5-52F9CE3F6547}.Debug|Any CPU.ActiveCfg = Debug|Any CPU
		{5BE51780-C8E2-479C-B9E5-52F9CE3F6547}.Debug|Any CPU.Build.0 = Debug|Any CPU
		{5BE51780-C8E2-479C-B9E5-52F9CE3F6547}.Release|Any CPU.ActiveCfg = Release|Any CPU
		{5BE51780-C8E2-479C-B9E5-52F9CE3F6547}.Release|Any CPU.Build.0 = Release|Any CPU
		{AFEA65A4-E399-42BA-A806-FDA9C7E04D93}.Debug|Any CPU.ActiveCfg = Debug|Any CPU
		{AFEA65A4-E399-42BA-A806-FDA9C7E04D93}.Debug|Any CPU.Build.0 = Debug|Any CPU
		{AFEA65A4-E399-42BA-A806-FDA9C7E04D93}.Release|Any CPU.ActiveCfg = Release|Any CPU
		{AFEA65A4-E399-42BA-A806-FDA9C7E04D93}.Release|Any CPU.Build.0 = Release|Any CPU
		{AD1C1C45-2556-4752-AD9E-B8774D7E9475}.Debug|Any CPU.ActiveCfg = Debug|Any CPU
		{AD1C1C45-2556-4752-AD9E-B8774D7E9475}.Debug|Any CPU.Build.0 = Debug|Any CPU
		{AD1C1C45-2556-4752-AD9E-B8774D7E9475}.Release|Any CPU.ActiveCfg = Release|Any CPU
		{AD1C1C45-2556-4752-AD9E-B8774D7E9475}.Release|Any CPU.Build.0 = Release|Any CPU
		{89C957C0-75D7-4907-97C5-0739B813A475}.Debug|Any CPU.ActiveCfg = Debug|Any CPU
		{89C957C0-75D7-4907-97C5-0739B813A475}.Debug|Any CPU.Build.0 = Debug|Any CPU
		{89C957C0-75D7-4907-97C5-0739B813A475}.Release|Any CPU.ActiveCfg = Release|Any CPU
		{89C957C0-75D7-4907-97C5-0739B813A475}.Release|Any CPU.Build.0 = Release|Any CPU
		{795F4C0D-A749-4D81-83B2-73D6DB0D8A41}.Debug|Any CPU.ActiveCfg = Debug|Any CPU
		{795F4C0D-A749-4D81-83B2-73D6DB0D8A41}.Debug|Any CPU.Build.0 = Debug|Any CPU
		{795F4C0D-A749-4D81-83B2-73D6DB0D8A41}.Release|Any CPU.ActiveCfg = Release|Any CPU
		{795F4C0D-A749-4D81-83B2-73D6DB0D8A41}.Release|Any CPU.Build.0 = Release|Any CPU
	EndGlobalSection
	GlobalSection(SolutionProperties) = preSolution
		HideSolutionNode = FALSE
	EndGlobalSection
	GlobalSection(ExtensibilityGlobals) = postSolution
		SolutionGuid = {C4A59AD0-92A7-475D-A3BC-51E982A9C0FA}
	EndGlobalSection
EndGlobal
