<Solution>
  <Folder Name="/Solution Items/">
    <File Path=".editorconfig" />
    <File Path=".gitignore" />
    <File Path="LICENSE" />
    <File Path="README.md" />
    <File Path="Remove Modules from FreeTouchpoints.exe" />
    <File Path="Rename FreeTouchpoints.exe" />
  </Folder>
  <Project Path="Touchpoints.DataAccess/Touchpoints.DataAccess.csproj" Id="9A84EFBA-9788-4006-981D-C5E1787DF03B" />
  <Project Path="Touchpoints.DataObjects/Touchpoints.DataObjects.csproj" Id="446CDE2D-C32F-4E06-9E01-FDB0B57F6A9B" />
  <Project Path="Touchpoints.EFModels/Touchpoints.EFModels.csproj" Id="DF09E88A-E530-4C87-A54D-31DD10D8B4DB" />
  <Project Path="Touchpoints.Plugins/Touchpoints.Plugins.csproj" Id="24545901-D28A-4D8D-B05A-5C14F55251B5" />
  <Project Path="Touchpoints.Client/Touchpoints.Client.csproj" />
  <Project Path="Touchpoints/Touchpoints.csproj" />
</Solution>
