
Microsoft Visual Studio Solution File, Format Version 12.00
# Visual Studio Version 17
VisualStudioVersion = 17.8.34309.116
MinimumVisualStudioVersion = 10.0.40219.1
Project("{E4EA4201-9E5C-4683-B224-27C46154BC91}") = "Touchpoints", "Touchpoints\Touchpoints.csproj", "{13B215E7-0E07-4837-BA4B-50A92490FB6D}"
EndProject
Project("{E4EA4201-9E5C-4683-B224-27C46154BC91}") = "Touchpoints.Client", "Touchpoints.Client\Touchpoints.Client.csproj", "{9F9C6A3E-FAC4-412F-8FC9-B14529E3E868}"
EndProject
Project("{E4EA4201-9E5C-4683-B224-27C46154BC91}") = "Touchpoints.DataAccess", "Touchpoints.DataAccess\Touchpoints.DataAccess.csproj", "{8BB2311C-77DE-48C9-9AA3-D14798A978B0}"
EndProject
Project("{E4EA4201-9E5C-4683-B224-27C46154BC91}") = "Touchpoints.DataObjects", "Touchpoints.DataObjects\Touchpoints.DataObjects.csproj", "{AF6E1176-2CD2-497F-A3C6-C056A9473C27}"
EndProject
Project("{E4EA4201-9E5C-4683-B224-27C46154BC91}") = "Touchpoints.EFModels", "Touchpoints.EFModels\Touchpoints.EFModels.csproj", "{9D542B6F-29C5-449E-9215-B63A04CAA4E3}"
EndProject
Project("{2150E333-8FDC-42A3-9474-1A3956D46DE8}") = "Solution Items", "Solution Items", "{6C52E5C6-D803-429E-ADC7-F5E5D4375723}"
	ProjectSection(SolutionItems) = preProject
		.editorconfig = .editorconfig
		.gitignore = .gitignore
		LICENSE = LICENSE
		README.md = README.md
		Remove Modules from FreeTouchpoints.exe = Remove Modules from FreeTouchpoints.exe
		Rename FreeTouchpoints.exe = Rename FreeTouchpoints.exe
	EndProjectSection
EndProject
Project("{E4EA4201-9E5C-4683-B224-27C46154BC91}") = "Touchpoints.Plugins", "Touchpoints.Plugins\Touchpoints.Plugins.csproj", "{C2033E0A-0FDF-4067-B6A1-6773E134DAF4}"
EndProject
Global
	GlobalSection(SolutionConfigurationPlatforms) = preSolution
		Debug|Any CPU = Debug|Any CPU
		Release|Any CPU = Release|Any CPU
	EndGlobalSection
	GlobalSection(ProjectConfigurationPlatforms) = postSolution
		{13B215E7-0E07-4837-BA4B-50A92490FB6D}.Debug|Any CPU.ActiveCfg = Debug|Any CPU
		{13B215E7-0E07-4837-BA4B-50A92490FB6D}.Debug|Any CPU.Build.0 = Debug|Any CPU
		{13B215E7-0E07-4837-BA4B-50A92490FB6D}.Release|Any CPU.ActiveCfg = Release|Any CPU
		{13B215E7-0E07-4837-BA4B-50A92490FB6D}.Release|Any CPU.Build.0 = Release|Any CPU
		{9F9C6A3E-FAC4-412F-8FC9-B14529E3E868}.Debug|Any CPU.ActiveCfg = Debug|Any CPU
		{9F9C6A3E-FAC4-412F-8FC9-B14529E3E868}.Debug|Any CPU.Build.0 = Debug|Any CPU
		{9F9C6A3E-FAC4-412F-8FC9-B14529E3E868}.Release|Any CPU.ActiveCfg = Release|Any CPU
		{9F9C6A3E-FAC4-412F-8FC9-B14529E3E868}.Release|Any CPU.Build.0 = Release|Any CPU
		{8BB2311C-77DE-48C9-9AA3-D14798A978B0}.Debug|Any CPU.ActiveCfg = Debug|Any CPU
		{8BB2311C-77DE-48C9-9AA3-D14798A978B0}.Debug|Any CPU.Build.0 = Debug|Any CPU
		{8BB2311C-77DE-48C9-9AA3-D14798A978B0}.Release|Any CPU.ActiveCfg = Release|Any CPU
		{8BB2311C-77DE-48C9-9AA3-D14798A978B0}.Release|Any CPU.Build.0 = Release|Any CPU
		{AF6E1176-2CD2-497F-A3C6-C056A9473C27}.Debug|Any CPU.ActiveCfg = Debug|Any CPU
		{AF6E1176-2CD2-497F-A3C6-C056A9473C27}.Debug|Any CPU.Build.0 = Debug|Any CPU
		{AF6E1176-2CD2-497F-A3C6-C056A9473C27}.Release|Any CPU.ActiveCfg = Release|Any CPU
		{AF6E1176-2CD2-497F-A3C6-C056A9473C27}.Release|Any CPU.Build.0 = Release|Any CPU
		{9D542B6F-29C5-449E-9215-B63A04CAA4E3}.Debug|Any CPU.ActiveCfg = Debug|Any CPU
		{9D542B6F-29C5-449E-9215-B63A04CAA4E3}.Debug|Any CPU.Build.0 = Debug|Any CPU
		{9D542B6F-29C5-449E-9215-B63A04CAA4E3}.Release|Any CPU.ActiveCfg = Release|Any CPU
		{9D542B6F-29C5-449E-9215-B63A04CAA4E3}.Release|Any CPU.Build.0 = Release|Any CPU
		{C2033E0A-0FDF-4067-B6A1-6773E134DAF4}.Debug|Any CPU.ActiveCfg = Debug|Any CPU
		{C2033E0A-0FDF-4067-B6A1-6773E134DAF4}.Debug|Any CPU.Build.0 = Debug|Any CPU
		{C2033E0A-0FDF-4067-B6A1-6773E134DAF4}.Release|Any CPU.ActiveCfg = Release|Any CPU
		{C2033E0A-0FDF-4067-B6A1-6773E134DAF4}.Release|Any CPU.Build.0 = Release|Any CPU
	EndGlobalSection
	GlobalSection(SolutionProperties) = preSolution
		HideSolutionNode = FALSE
	EndGlobalSection
	GlobalSection(ExtensibilityGlobals) = postSolution
		SolutionGuid = {C4A59AD0-92A7-475D-A3BC-51E982A9C0FA}
	EndGlobalSection
EndGlobal
