<Solution>
  <Folder Name="/Solution Items/">
    <File Path=".editorconfig" />
    <File Path=".gitignore" />
    <File Path="Accessibility.md" />
    <File Path="LICENSE" />
    <File Path="README.md" />
    <File Path="Remove Modules from FreeWebDevExample.exe" />
    <File Path="Rename FreeWebDevExample.exe" />
  </Folder>
  <Project Path="WebDevExample.Client/WebDevExample.Client.csproj" />
  <Project Path="WebDevExample.DataAccess/WebDevExample.DataAccess.csproj" Id="69109D8F-3755-41AB-8D70-BDCD52CD277F" />
  <Project Path="WebDevExample.DataObjects/WebDevExample.DataObjects.csproj" Id="214A452A-6D55-427B-B7E8-50424245FE9B" />
  <Project Path="WebDevExample.EFModels/WebDevExample.EFModels.csproj" Id="25D8419D-CCD6-4FDA-9F29-B908F5485297" />
  <Project Path="WebDevExample.Plugins/WebDevExample.Plugins.csproj" Id="499CE663-3A89-4D1B-AC76-521E984B80C5" />
  <Project Path="WebDevExample/WebDevExample.csproj" />
</Solution>
