<Solution>
  <Folder Name="/Solution Items/">
    <File Path=".editorconfig" />
    <File Path=".gitignore" />
    <File Path="Accessibility.md" />
    <File Path="LICENSE" />
    <File Path="README.md" />
    <File Path="Remove Modules from FreeWebDevExample.exe" />
    <File Path="Rename FreeWebDevExample.exe" />
    <File Path="Upgrade FreeWebDevExample.exe" />
  </Folder>
  <Project Path="WebDevExample.Client/WebDevExample.Client.csproj" />
  <Project Path="WebDevExample.DataAccess/WebDevExample.DataAccess.csproj" Id="ED870219-621A-4DB5-AE3F-09CD7A5FCF07" />
  <Project Path="WebDevExample.DataObjects/WebDevExample.DataObjects.csproj" Id="7C7B63E8-B6C2-4940-BF69-1C0462A59A2F" />
  <Project Path="WebDevExample.EFModels/WebDevExample.EFModels.csproj" Id="ADC0791F-3D1F-4A32-AA95-0713C303750E" />
  <Project Path="WebDevExample.Plugins/WebDevExample.Plugins.csproj" Id="5C5141FE-54E4-4819-8C81-E8F91638358E" />
  <Project Path="WebDevExample/WebDevExample.csproj" />
</Solution>
